
Microsoft Visual Studio Solution File, Format Version 12.00
# Visual Studio Version 16
VisualStudioVersion = 16.0.32106.194
MinimumVisualStudioVersion = 10.0.40219.1
Project("{FAE04EC0-301F-11D3-BF4B-00C04F79EFBC}") = "Consumer Apps", "Consumer Apps\Consumer Apps.csproj", "{CE4F6F1A-290E-434B-A71F-2A0442DB4AF6}"
EndProject
Global
	GlobalSection(SolutionConfigurationPlatforms) = preSolution
		Debug|Any CPU = Debug|Any CPU
		Release|Any CPU = Release|Any CPU
	EndGlobalSection
	GlobalSection(ProjectConfigurationPlatforms) = postSolution
		{CE4F6F1A-290E-434B-A71F-2A0442DB4AF6}.Debug|Any CPU.ActiveCfg = Debug|Any CPU
		{CE4F6F1A-290E-434B-A71F-2A0442DB4AF6}.Debug|Any CPU.Build.0 = Debug|Any CPU
		{CE4F6F1A-290E-434B-A71F-2A0442DB4AF6}.Release|Any CPU.ActiveCfg = Release|Any CPU
		{CE4F6F1A-290E-434B-A71F-2A0442DB4AF6}.Release|Any CPU.Build.0 = Release|Any CPU
	EndGlobalSection
	GlobalSection(SolutionProperties) = preSolution
		HideSolutionNode = FALSE
	EndGlobalSection
	GlobalSection(ExtensibilityGlobals) = postSolution
		SolutionGuid = {5CBB7009-801B-42A7-BD0E-83A5FCE4D2BD}
	EndGlobalSection
EndGlobal
